{
    "_meta": {
        "hash": {
            "sha256": "f5ad496236aa66b6bc1f216085d47d7f24e0088ae5ad86c88d2d90c6545febdb"
        },
        "pipfile-spec": 6,
        "requires": {
            "python_version": "3.7"
        },
        "sources": [
            {
                "name": "pypi",
                "url": "https://pypi.org/simple",
                "verify_ssl": true
            }
        ]
    },
    "default": {
        "appdirs": {
            "hashes": [
                "sha256:7d5d0167b2b1ba821647616af46a749d1c653740dd0d2415100fe26e27afdf41",
                "sha256:a841dacd6b99318a741b166adb07e19ee71a274450e68237b4650ca1055ab128"
            ],
            "version": "==1.4.4"
        },
        "asgiref": {
            "hashes": [
                "sha256:2f8abc20f7248433085eda803936d98992f1343ddb022065779f37c5da0181d0",
                "sha256:88d59c13d634dcffe0510be048210188edd79aeccb6a6c9028cdad6f31d730a9"
            ],
            "markers": "python_version >= '3.7'",
            "version": "==3.5.0"
        },
        "beautifulsoup4": {
            "hashes": [
                "sha256:05fd825eb01c290877657a56df4c6e4c311b3965bda790c613a3d6fb01a5462a",
                "sha256:9fbb4d6e48ecd30bcacc5b63b94088192dcda178513b2ae3c394229f8911b887",
                "sha256:e1505eeed31b0f4ce2dbb3bc8eb256c04cc2b3b72af7d551a4ab6efd5cbe5dae"
            ],
            "index": "pypi",
            "version": "==4.8.2"
        },
        "bs4": {
            "hashes": [
                "sha256:36ecea1fd7cc5c0c6e4a1ff075df26d50da647b75376626cc186e2212886dd3a"
            ],
            "version": "==0.0.1"
        },
        "certifi": {
            "hashes": [
                "sha256:78884e7c1d4b00ce3cea67b44566851c4343c120abd683433ce934a68ea58872",
                "sha256:d62a0163eb4c2344ac042ab2bdf75399a71a2d8c7d47eac2e2ee91b9d6339569"
            ],
            "version": "==2021.10.8"
        },
        "chardet": {
            "hashes": [
                "sha256:84ab92ed1c4d4f16916e05906b6b75a6c0fb5db821cc65e70cbd64a3e2a5eaae",
                "sha256:fc323ffcaeaed0e0a02bf4d117757b98aed530d9ed4531e3e15460124c106691"
            ],
            "version": "==3.0.4"
        },
        "cssselect": {
            "hashes": [
                "sha256:f612ee47b749c877ebae5bb77035d8f4202c6ad0f0fc1271b3c18ad6c4468ecf",
                "sha256:f95f8dedd925fd8f54edb3d2dfb44c190d9d18512377d3c1e2388d16126879bc"
            ],
            "markers": "python_version >= '2.7' and python_version not in '3.0, 3.1, 3.2, 3.3'",
            "version": "==1.1.0"
        },
        "django": {
            "hashes": [
                "sha256:50b781f6cbeb98f673aa76ed8e572a019a45e52bdd4ad09001072dfd91ab07c8",
                "sha256:89e451bfbb815280b137e33e454ddd56481fdaa6334054e6e031041ee1eda360"
            ],
            "index": "pypi",
            "version": "==3.0.4"
        },
        "fake-useragent": {
            "hashes": [
                "sha256:c104998b750eb097eefc28ae28e92d66397598d2cf41a31aa45d5559ef1adf35"
            ],
            "version": "==0.1.11"
        },
        "idna": {
            "hashes": [
                "sha256:b307872f855b18632ce0c21c5e45be78c0ea7ae4c15c828c20788b26921eb3f6",
                "sha256:b97d804b1e9b523befed77c48dacec60e6dcb0b5391d57af6a65a312a90648c0"
            ],
            "markers": "python_version >= '2.7' and python_version not in '3.0, 3.1, 3.2, 3.3'",
            "version": "==2.10"
        },
        "importlib-metadata": {
            "hashes": [
                "sha256:b36ffa925fe3139b2f6ff11d6925ffd4fa7bc47870165e3ac260ac7b4f91e6ac",
                "sha256:d16e8c1deb60de41b8e8ed21c1a7b947b0bc62fab7e1d470bcdf331cea2e6735"
            ],
            "markers": "python_version >= '3.7'",
            "version": "==4.11.2"
        },
        "lxml": {
            "hashes": [
                "sha256:06d4e0bbb1d62e38ae6118406d7cdb4693a3fa34ee3762238bcb96c9e36a93cd",
                "sha256:0701f7965903a1c3f6f09328c1278ac0eee8f56f244e66af79cb224b7ef3801c",
                "sha256:1f2c4ec372bf1c4a2c7e4bb20845e8bcf8050365189d86806bad1e3ae473d081",
                "sha256:4235bc124fdcf611d02047d7034164897ade13046bda967768836629bc62784f",
                "sha256:5828c7f3e615f3975d48f40d4fe66e8a7b25f16b5e5705ffe1d22e43fb1f6261",
                "sha256:585c0869f75577ac7a8ff38d08f7aac9033da2c41c11352ebf86a04652758b7a",
                "sha256:5d467ce9c5d35b3bcc7172c06320dddb275fea6ac2037f72f0a4d7472035cea9",
                "sha256:63dbc21efd7e822c11d5ddbedbbb08cd11a41e0032e382a0fd59b0b08e405a3a",
                "sha256:7bc1b221e7867f2e7ff1933165c0cec7153dce93d0cdba6554b42a8beb687bdb",
                "sha256:8620ce80f50d023d414183bf90cc2576c2837b88e00bea3f33ad2630133bbb60",
                "sha256:8a0ebda56ebca1a83eb2d1ac266649b80af8dd4b4a3502b2c1e09ac2f88fe128",
                "sha256:90ed0e36455a81b25b7034038e40880189169c308a3df360861ad74da7b68c1a",
                "sha256:95e67224815ef86924fbc2b71a9dbd1f7262384bca4bc4793645794ac4200717",
                "sha256:afdb34b715daf814d1abea0317b6d672476b498472f1e5aacbadc34ebbc26e89",
                "sha256:b4b2c63cc7963aedd08a5f5a454c9f67251b1ac9e22fd9d72836206c42dc2a72",
                "sha256:d068f55bda3c2c3fcaec24bd083d9e2eede32c583faf084d6e4b9daaea77dde8",
                "sha256:d5b3c4b7edd2e770375a01139be11307f04341ec709cf724e0f26ebb1eef12c3",
                "sha256:deadf4df349d1dcd7b2853a2c8796593cc346600726eff680ed8ed11812382a7",
                "sha256:df533af6f88080419c5a604d0d63b2c33b1c0c4409aba7d0cb6de305147ea8c8",
                "sha256:e4aa948eb15018a657702fee0b9db47e908491c64d36b4a90f59a64741516e77",
                "sha256:e5d842c73e4ef6ed8c1bd77806bf84a7cb535f9c0cf9b2c74d02ebda310070e1",
                "sha256:ebec08091a22c2be870890913bdadd86fcd8e9f0f22bcb398abd3af914690c15",
                "sha256:edc15fcfd77395e24543be48871c251f38132bb834d9fdfdad756adb6ea37679",
                "sha256:f2b74784ed7e0bc2d02bd53e48ad6ba523c9b36c194260b7a5045071abbb1012",
                "sha256:fa071559f14bd1e92077b1b5f6c22cf09756c6de7139370249eb372854ce51e6",
                "sha256:fd52e796fee7171c4361d441796b64df1acfceb51f29e545e812f16d023c4bbc",
                "sha256:fe976a0f1ef09b3638778024ab9fb8cde3118f203364212c198f71341c0715ca"
            ],
            "index": "pypi",
            "version": "==4.5.0"
        },
        "numpy": {
            "hashes": [
                "sha256:1786a08236f2c92ae0e70423c45e1e62788ed33028f94ca99c4df03f5be6b3c6",
                "sha256:17aa7a81fe7599a10f2b7d95856dc5cf84a4eefa45bc96123cbbc3ebc568994e",
                "sha256:20b26aaa5b3da029942cdcce719b363dbe58696ad182aff0e5dcb1687ec946dc",
                "sha256:2d75908ab3ced4223ccba595b48e538afa5ecc37405923d1fea6906d7c3a50bc",
                "sha256:39d2c685af15d3ce682c99ce5925cc66efc824652e10990d2462dfe9b8918c6a",
                "sha256:56bc8ded6fcd9adea90f65377438f9fea8c05fcf7c5ba766bef258d0da1554aa",
                "sha256:590355aeade1a2eaba17617c19edccb7db8d78760175256e3cf94590a1a964f3",
                "sha256:70a840a26f4e61defa7bdf811d7498a284ced303dfbc35acb7be12a39b2aa121",
                "sha256:77c3bfe65d8560487052ad55c6998a04b654c2fbc36d546aef2b2e511e760971",
                "sha256:9537eecf179f566fd1c160a2e912ca0b8e02d773af0a7a1120ad4f7507cd0d26",
                "sha256:9acdf933c1fd263c513a2df3dceecea6f3ff4419d80bf238510976bf9bcb26cd",
                "sha256:ae0975f42ab1f28364dcda3dde3cf6c1ddab3e1d4b2909da0cb0191fa9ca0480",
                "sha256:b3af02ecc999c8003e538e60c89a2b37646b39b688d4e44d7373e11c2debabec",
                "sha256:b6ff59cee96b454516e47e7721098e6ceebef435e3e21ac2d6c3b8b02628eb77",
                "sha256:b765ed3930b92812aa698a455847141869ef755a87e099fddd4ccf9d81fffb57",
                "sha256:c98c5ffd7d41611407a1103ae11c8b634ad6a43606eca3e2a5a269e5d6e8eb07",
                "sha256:cf7eb6b1025d3e169989416b1adcd676624c2dbed9e3bcb7137f51bfc8cc2572",
                "sha256:d92350c22b150c1cae7ebb0ee8b5670cc84848f6359cf6b5d8f86617098a9b73",
                "sha256:e422c3152921cece8b6a2fb6b0b4d73b6579bd20ae075e7d15143e711f3ca2ca",
                "sha256:e840f552a509e3380b0f0ec977e8124d0dc34dc0e68289ca28f4d7c1d0d79474",
                "sha256:f3d0a94ad151870978fb93538e95411c83899c9dc63e6fb65542f769568ecfa5"
            ],
            "index": "pypi",
            "version": "==1.18.1"
        },
        "pandas": {
            "hashes": [
                "sha256:04fe02d492d917bbdf314f63517616c1cc7ac7c25495f322c7df5745583bf548",
                "sha256:137afc43ce7bd19b129dd0211177d03307080a728072e0a474de113ffec7f3c9",
                "sha256:1a96b3e5172f194036d384fd9e853cbf94c42ec13bfebceb1eb0175c96f4e5d3",
                "sha256:37d2b9f7301177e7ba2de1ab8be929a0e2625821d1d21de5f2f2eddfa16742b4",
                "sha256:3c76643abfe83f4f3a107d06bea64d4cf702afc97a7f3a3c54275f48c7378c54",
                "sha256:4269c698d3f76889520b9e022702c975b5b19a63705a2e098694f5f8719c7287",
                "sha256:4d4af03db48a9b292f700c4d5df52645e5a59046800594c46e53b0518ecf3ade",
                "sha256:7034fd811df432465fe2fec64637db84600b5f1d0e9d1123195360e2f9bf4b7d",
                "sha256:76334ba36aa42f93b6b47b79cbc32187d3a178a4ab1c3a478c8f4198bcd93a73",
                "sha256:852cac070c0928a2374854df312ba655533ff324bd0edc9b36d89adbc7b90263",
                "sha256:9464f4ff95fd8f4c4a5245819e353052a0c501dd2fb027b294b005ed25f4d992",
                "sha256:dac3bf7495c7ce6a72dff2158c8ead0f377832491a672145829ac06d64782192",
                "sha256:e0e752699b4be387783506d34f12bef063b76ce1695aabfb0cd15bde82a3a5a7",
                "sha256:e462ca4a59daea2ba73ac87186d638d7a43a86ec063705cf9cd215b0fafa8c0e"
            ],
            "index": "pypi",
            "version": "==1.0.2"
        },
        "parse": {
            "hashes": [
                "sha256:9ff82852bcb65d139813e2a5197627a94966245c897796760a3a2a8eb66f020b"
            ],
            "version": "==1.19.0"
        },
        "pillow": {
            "hashes": [
                "sha256:011233e0c42a4a7836498e98c1acf5e744c96a67dd5032a6f666cc1fb97eab97",
                "sha256:0f29d831e2151e0b7b39981756d201f7108d3d215896212ffe2e992d06bfe049",
                "sha256:12875d118f21cf35604176872447cdb57b07126750a33748bac15e77f90f1f9c",
                "sha256:14d4b1341ac07ae07eb2cc682f459bec932a380c3b122f5540432d8977e64eae",
                "sha256:1c3c33ac69cf059bbb9d1a71eeaba76781b450bc307e2291f8a4764d779a6b28",
                "sha256:1d19397351f73a88904ad1aee421e800fe4bbcd1aeee6435fb62d0a05ccd1030",
                "sha256:253e8a302a96df6927310a9d44e6103055e8fb96a6822f8b7f514bb7ef77de56",
                "sha256:2632d0f846b7c7600edf53c48f8f9f1e13e62f66a6dbc15191029d950bfed976",
                "sha256:335ace1a22325395c4ea88e00ba3dc89ca029bd66bd5a3c382d53e44f0ccd77e",
                "sha256:413ce0bbf9fc6278b2d63309dfeefe452835e1c78398efb431bab0672fe9274e",
                "sha256:5100b45a4638e3c00e4d2320d3193bdabb2d75e79793af7c3eb139e4f569f16f",
                "sha256:514ceac913076feefbeaf89771fd6febde78b0c4c1b23aaeab082c41c694e81b",
                "sha256:528a2a692c65dd5cafc130de286030af251d2ee0483a5bf50c9348aefe834e8a",
                "sha256:6295f6763749b89c994fcb6d8a7f7ce03c3992e695f89f00b741b4580b199b7e",
                "sha256:6c8bc8238a7dfdaf7a75f5ec5a663f4173f8c367e5a39f87e720495e1eed75fa",
                "sha256:718856856ba31f14f13ba885ff13874be7fefc53984d2832458f12c38205f7f7",
                "sha256:7f7609a718b177bf171ac93cea9fd2ddc0e03e84d8fa4e887bdfc39671d46b00",
                "sha256:80ca33961ced9c63358056bd08403ff866512038883e74f3a4bf88ad3eb66838",
                "sha256:80fe64a6deb6fcfdf7b8386f2cf216d329be6f2781f7d90304351811fb591360",
                "sha256:81c4b81611e3a3cb30e59b0cf05b888c675f97e3adb2c8672c3154047980726b",
                "sha256:855c583f268edde09474b081e3ddcd5cf3b20c12f26e0d434e1386cc5d318e7a",
                "sha256:9bfdb82cdfeccec50aad441afc332faf8606dfa5e8efd18a6692b5d6e79f00fd",
                "sha256:a5d24e1d674dd9d72c66ad3ea9131322819ff86250b30dc5821cbafcfa0b96b4",
                "sha256:a9f44cd7e162ac6191491d7249cceb02b8116b0f7e847ee33f739d7cb1ea1f70",
                "sha256:b5b3f092fe345c03bca1e0b687dfbb39364b21ebb8ba90e3fa707374b7915204",
                "sha256:b9618823bd237c0d2575283f2939655f54d51b4527ec3972907a927acbcc5bfc",
                "sha256:cef9c85ccbe9bee00909758936ea841ef12035296c748aaceee535969e27d31b",
                "sha256:d21237d0cd37acded35154e29aec853e945950321dd2ffd1a7d86fe686814669",
                "sha256:d3c5c79ab7dfce6d88f1ba639b77e77a17ea33a01b07b99840d6ed08031cb2a7",
                "sha256:d9d7942b624b04b895cb95af03a23407f17646815495ce4547f0e60e0b06f58e",
                "sha256:db6d9fac65bd08cea7f3540b899977c6dee9edad959fa4eaf305940d9cbd861c",
                "sha256:ede5af4a2702444a832a800b8eb7f0a7a1c0eed55b644642e049c98d589e5092",
                "sha256:effb7749713d5317478bb3acb3f81d9d7c7f86726d41c1facca068a04cf5bb4c",
                "sha256:f154d173286a5d1863637a7dcd8c3437bb557520b01bddb0be0258dcb72696b5",
                "sha256:f25ed6e28ddf50de7e7ea99d7a976d6a9c415f03adcaac9c41ff6ff41b6d86ac"
            ],
            "index": "pypi",
            "version": "==9.0.1"
        },
        "psycopg2-binary": {
            "hashes": [
                "sha256:040234f8a4a8dfd692662a8308d78f63f31a97e1c42d2480e5e6810c48966a29",
                "sha256:086f7e89ec85a6704db51f68f0dcae432eff9300809723a6e8782c41c2f48e03",
                "sha256:18ca813fdb17bc1db73fe61b196b05dd1ca2165b884dd5ec5568877cabf9b039",
                "sha256:19dc39616850342a2a6db70559af55b22955f86667b5f652f40c0e99253d9881",
                "sha256:2166e770cb98f02ed5ee2b0b569d40db26788e0bf2ec3ae1a0d864ea6f1d8309",
                "sha256:3a2522b1d9178575acee4adf8fd9f979f9c0449b00b4164bb63c3475ea6528ed",
                "sha256:3aa773580f85a28ffdf6f862e59cb5a3cc7ef6885121f2de3fca8d6ada4dbf3b",
                "sha256:3b5deaa3ee7180585a296af33e14c9b18c218d148e735c7accf78130765a47e3",
                "sha256:407af6d7e46593415f216c7f56ba087a9a42bd6dc2ecb86028760aa45b802bd7",
                "sha256:4c3c09fb674401f630626310bcaf6cd6285daf0d5e4c26d6e55ca26a2734e39b",
                "sha256:4c6717962247445b4f9e21c962ea61d2e884fc17df5ddf5e35863b016f8a1f03",
                "sha256:50446fae5681fc99f87e505d4e77c9407e683ab60c555ec302f9ac9bffa61103",
                "sha256:5057669b6a66aa9ca118a2a860159f0ee3acf837eda937bdd2a64f3431361a2d",
                "sha256:5dd90c5438b4f935c9d01fcbad3620253da89d19c1f5fca9158646407ed7df35",
                "sha256:659c815b5b8e2a55193ede2795c1e2349b8011497310bb936da7d4745652823b",
                "sha256:69b13fdf12878b10dc6003acc8d0abf3ad93e79813fd5f3812497c1c9fb9be49",
                "sha256:7a1cb80e35e1ccea3e11a48afe65d38744a0e0bde88795cc56a4d05b6e4f9d70",
                "sha256:7e6e3c52e6732c219c07bd97fff6c088f8df4dae3b79752ee3a817e6f32e177e",
                "sha256:7f42a8490c4fe854325504ce7a6e4796b207960dabb2cbafe3c3959cb00d1d7e",
                "sha256:84156313f258eafff716b2961644a4483a9be44a5d43551d554844d15d4d224e",
                "sha256:8578d6b8192e4c805e85f187bc530d0f52ba86c39172e61cd51f68fddd648103",
                "sha256:890167d5091279a27e2505ff0e1fb273f8c48c41d35c5b92adbf4af80e6b2ed6",
                "sha256:98e10634792ac0e9e7a92a76b4991b44c2325d3e7798270a808407355e7bb0a1",
                "sha256:9aadff9032e967865f9778485571e93908d27dab21d0fdfdec0ca779bb6f8ad9",
                "sha256:9f24f383a298a0c0f9b3113b982e21751a8ecde6615494a3f1470eb4a9d70e9e",
                "sha256:a73021b44813b5c84eda4a3af5826dd72356a900bac9bd9dd1f0f81ee1c22c2f",
                "sha256:afd96845e12638d2c44d213d4810a08f4dc4a563f9a98204b7428e567014b1cd",
                "sha256:b73ddf033d8cd4cc9dfed6324b1ad2a89ba52c410ef6877998422fcb9c23e3a8",
                "sha256:b8f490f5fad1767a1331df1259763b3bad7d7af12a75b950c2843ba319b2415f",
                "sha256:dbc5cd56fff1a6152ca59445178652756f4e509f672e49ccdf3d79c1043113a4",
                "sha256:eac8a3499754790187bb00574ab980df13e754777d346f85e0ff6df929bcd964",
                "sha256:eaed1c65f461a959284649e37b5051224f4db6ebdc84e40b5e65f2986f101a08"
            ],
            "index": "pypi",
            "version": "==2.8.4"
        },
        "pyee": {
            "hashes": [
                "sha256:5c7e60f8df95710dbe17550e16ce0153f83990c00ef744841b43f371ed53ebea",
                "sha256:c09f56e36eb10bf23aa2aacf145f690ded75b990a3d9523fd478b005940303d2"
            ],
            "version": "==8.2.2"
        },
        "pyppeteer": {
            "hashes": [
                "sha256:11a734d8f02c6b128035aba8faf32748f2016310a6a1cbc6aa5b1e2580742e8f",
                "sha256:ddb0d15cb644720160d49abb1ad0d97e87a55581febf1b7531be9e983aad7742"
            ],
            "markers": "python_version >= '3.7' and python_version < '4'",
            "version": "==1.0.2"
        },
        "pyquery": {
            "hashes": [
                "sha256:1fc33b7699455ed25c75282bc8f80ace1ac078b0dda5a933dacbd8b1c1f83963",
                "sha256:a388eefb6bc4a55350de0316fbd97cda999ae669b6743ae5b99102ba54f5aa72"
            ],
            "version": "==1.4.3"
        },
        "python-dateutil": {
            "hashes": [
                "sha256:0123cacc1627ae19ddf3c27a5de5bd67ee4586fbdd6440d9748f8abb483d3e86",
                "sha256:961d03dc3453ebbc59dbdea9e4e11c5651520a876d0f4db161e8674aae935da9"
            ],
            "markers": "python_version >= '2.7' and python_version not in '3.0, 3.1, 3.2, 3.3'",
            "version": "==2.8.2"
        },
        "pytz": {
            "hashes": [
                "sha256:3672058bc3453457b622aab7a1c3bfd5ab0bdae451512f6cf25f64ed37f5b87c",
                "sha256:acad2d8b20a1af07d4e4c9d2e9285c5ed9104354062f275f3fcd88dcef4f1326"
            ],
            "version": "==2021.3"
        },
        "requests": {
            "hashes": [
                "sha256:43999036bfa82904b6af1d99e4882b560e5e2c68e5c4b0aa03b655f3d7d73fee",
                "sha256:5d2d0ffbb515f39417009a46c14256291061ac01ba8f875b90cad137de83beb4",
                "sha256:b3f43d496c6daba4493e7c431722aeb7dbc6288f52a6e04e7b6023b0247817e6"
            ],
            "index": "pypi",
            "version": "==2.23.0"
        },
        "requests-html": {
            "hashes": [
                "sha256:7e929ecfed95fb1d0994bb368295d6d7c4d06b03fcb900c33d7d0b17e6003947",
                "sha256:cb8a78cf829c4eca9d6233f28524f65dd2bfaafb4bdbbc407f0a0b8f487df6e2"
            ],
            "index": "pypi",
            "version": "==0.10.0"
        },
        "selenium": {
            "hashes": [
                "sha256:2d7131d7bc5a5b99a2d9b04aaf2612c411b03b8ca1b1ee8d3de5845a9be2cb3c",
                "sha256:deaf32b60ad91a4611b98d8002757f29e6f2c2d5fcaf202e1c9ad06d6772300d"
            ],
            "index": "pypi",
            "version": "==3.141.0"
        },
        "six": {
            "hashes": [
                "sha256:1e61c37477a1626458e36f7b1d82aa5c9b094fa4802892072e49de9c60c4c926",
                "sha256:8abb2f1d86890a2dfb989f9a77cfcfd3e47c2a354b01111771326f8aa26e0254"
            ],
            "markers": "python_version >= '2.7' and python_version not in '3.0, 3.1, 3.2, 3.3'",
            "version": "==1.16.0"
        },
        "soupsieve": {
            "hashes": [
                "sha256:1a3cca2617c6b38c0343ed661b1fa5de5637f257d4fe22bd9f1338010a1efefb",
                "sha256:b8d49b1cd4f037c7082a9683dfa1801aa2597fb11c3a1155b7a5b94829b4f1f9"
            ],
            "markers": "python_version >= '3.6'",
            "version": "==2.3.1"
        },
        "sqlparse": {
            "hashes": [
                "sha256:0c00730c74263a94e5a9919ade150dfc3b19c574389985446148402998287dae",
                "sha256:48719e356bb8b42991bdbb1e8b83223757b93789c00910a616a071910ca4a64d"
            ],
            "markers": "python_version >= '3.5'",
            "version": "==0.4.2"
        },
        "tqdm": {
            "hashes": [
                "sha256:1d9835ede8e394bb8c9dcbffbca02d717217113adc679236873eeaac5bc0b3cd",
                "sha256:e643e071046f17139dea55b880dc9b33822ce21613b4a4f5ea57f202833dbc29"
            ],
            "markers": "python_version >= '2.7' and python_version not in '3.0, 3.1, 3.2, 3.3'",
            "version": "==4.63.0"
        },
        "typing-extensions": {
            "hashes": [
                "sha256:1a9462dcc3347a79b1f1c0271fbe79e844580bb598bafa1ed208b94da3cdcd42",
                "sha256:21c85e0fe4b9a155d0799430b0ad741cdce7e359660ccbd8b530613e8df88ce2"
            ],
            "markers": "python_version < '3.8'",
            "version": "==4.1.1"
        },
        "urllib3": {
            "hashes": [
                "sha256:8d7eaa5a82a1cac232164990f04874c594c9453ec55eef02eab885aa02fc17a2",
                "sha256:f5321fbe4bf3fefa0efd0bfe7fb14e90909eb62a48ccda331726b4319897dd5e"
            ],
            "markers": "python_version >= '2.7' and python_version not in '3.0, 3.1, 3.2, 3.3, 3.4' and python_version < '4'",
            "version": "==1.25.11"
        },
        "w3lib": {
            "hashes": [
                "sha256:0161d55537063e00d95a241663ede3395c4c6d7b777972ba2fd58bbab2001e53",
                "sha256:0ad6d0203157d61149fd45aaed2e24f53902989c32fc1dccc2e2bfba371560df"
            ],
            "version": "==1.22.0"
        },
        "websockets": {
            "hashes": [
                "sha256:038afef2a05893578d10dadbdbb5f112bd115c46347e1efe99f6a356ff062138",
                "sha256:05f6e9757017270e7a92a2975e2ae88a9a582ffc4629086fd6039aa80e99cd86",
                "sha256:0b66421f9f13d4df60cd48ab977ed2c2b6c9147ae1a33caf5a9f46294422fda1",
                "sha256:0cd02f36d37e503aca88ab23cc0a1a0e92a263d37acf6331521eb38040dcf77b",
                "sha256:0f73cb2526d6da268e86977b2c4b58f2195994e53070fe567d5487c6436047e6",
                "sha256:117383d0a17a0dda349f7a8790763dde75c1508ff8e4d6e8328b898b7df48397",
                "sha256:1c1f3b18c8162e3b09761d0c6a0305fd642934202541cc511ef972cb9463261e",
                "sha256:1c9031e90ebfc486e9cdad532b94004ade3aa39a31d3c46c105bb0b579cd2490",
                "sha256:2349fa81b6b959484bb2bda556ccb9eb70ba68987646a0f8a537a1a18319fb03",
                "sha256:24b879ba7db12bb525d4e58089fcbe6a3df3ce4666523183654170e86d372cbe",
                "sha256:2aa9b91347ecd0412683f28aabe27f6bad502d89bd363b76e0a3508b1596402e",
                "sha256:56d48eebe9e39ce0d68701bce3b21df923aa05dcc00f9fd8300de1df31a7c07c",
                "sha256:5a38a0175ae82e4a8c4bac29fc01b9ee26d7d5a614e5ee11e7813c68a7d938ce",
                "sha256:5b04270b5613f245ec84bb2c6a482a9d009aefad37c0575f6cda8499125d5d5c",
                "sha256:6193bbc1ee63aadeb9a4d81de0e19477401d150d506aee772d8380943f118186",
                "sha256:669e54228a4d9457abafed27cbf0e2b9f401445c4dfefc12bf8e4db9751703b8",
                "sha256:6a009eb551c46fd79737791c0c833fc0e5b56bcd1c3057498b262d660b92e9cd",
                "sha256:71a4491cfe7a9f18ee57d41163cb6a8a3fa591e0f0564ca8b0ed86b2a30cced4",
                "sha256:7b38a5c9112e3dbbe45540f7b60c5204f49b3cb501b40950d6ab34cd202ab1d0",
                "sha256:7bb9d8a6beca478c7e9bdde0159bd810cc1006ad6a7cb460533bae39da692ca2",
                "sha256:82bc33db6d8309dc27a3bee11f7da2288ad925fcbabc2a4bb78f7e9c56249baf",
                "sha256:8351c3c86b08156337b0e4ece0e3c5ec3e01fcd14e8950996832a23c99416098",
                "sha256:8beac786a388bb99a66c3be4ab0fb38273c0e3bc17f612a4e0a47c4fc8b9c045",
                "sha256:97950c7c844ec6f8d292440953ae18b99e3a6a09885e09d20d5e7ecd9b914cf8",
                "sha256:98f57b3120f8331cd7440dbe0e776474f5e3632fdaa474af1f6b754955a47d71",
                "sha256:9ca2ca05a4c29179f06cf6727b45dba5d228da62623ec9df4184413d8aae6cb9",
                "sha256:a03a25d95cc7400bd4d61a63460b5d85a7761c12075ee2f51de1ffe73aa593d3",
                "sha256:a10c0c1ee02164246f90053273a42d72a3b2452a7e7486fdae781138cf7fbe2d",
                "sha256:a72b92f96e5e540d5dda99ee3346e199ade8df63152fa3c737260da1730c411f",
                "sha256:ac081aa0307f263d63c5ff0727935c736c8dad51ddf2dc9f5d0c4759842aefaa",
                "sha256:b22bdc795e62e71118b63e14a08bacfa4f262fd2877de7e5b950f5ac16b0348f",
                "sha256:b4059e2ccbe6587b6dc9a01db5fc49ead9a884faa4076eea96c5ec62cb32f42a",
                "sha256:b7fe45ae43ac814beb8ca09d6995b56800676f2cfa8e23f42839dc69bba34a42",
                "sha256:bef03a51f9657fb03d8da6ccd233fe96e04101a852f0ffd35f5b725b28221ff3",
                "sha256:bffc65442dd35c473ca9790a3fa3ba06396102a950794f536783f4b8060af8dd",
                "sha256:c21a67ab9a94bd53e10bba21912556027fea944648a09e6508415ad14e37c325",
                "sha256:c67d9cacb3f6537ca21e9b224d4fd08481538e43bcac08b3d93181b0816def39",
                "sha256:c6e56606842bb24e16e36ae7eb308d866b4249cf0be8f63b212f287eeb76b124",
                "sha256:cb316b87cbe3c0791c2ad92a5a36bf6adc87c457654335810b25048c1daa6fd5",
                "sha256:cef40a1b183dcf39d23b392e9dd1d9b07ab9c46aadf294fff1350fb79146e72b",
                "sha256:cf931c33db9c87c53d009856045dd524e4a378445693382a920fa1e0eb77c36c",
                "sha256:d4d110a84b63c5cfdd22485acc97b8b919aefeecd6300c0c9d551e055b9a88ea",
                "sha256:d5396710f86a306cf52f87fd8ea594a0e894ba0cc5a36059eaca3a477dc332aa",
                "sha256:f09f46b1ff6d09b01c7816c50bd1903cf7d02ebbdb63726132717c2fcda835d5",
                "sha256:f14bd10e170abc01682a9f8b28b16e6f20acf6175945ef38db6ffe31b0c72c3f",
                "sha256:f5c335dc0e7dc271ef36df3f439868b3c790775f345338c2f61a562f1074187b",
                "sha256:f8296b8408ec6853b26771599990721a26403e62b9de7e50ac0a056772ac0b5e",
                "sha256:fa35c5d1830d0fb7b810324e9eeab9aa92e8f273f11fdbdc0741dcded6d72b9f"
            ],
            "markers": "python_version >= '3.7'",
            "version": "==10.2"
        },
        "zipp": {
            "hashes": [
                "sha256:9f50f446828eb9d45b267433fd3e9da8d801f614129124863f9c51ebceafb87d",
                "sha256:b47250dd24f92b7dd6a0a8fc5244da14608f3ca90a5efcd37a3b1642fac9a375"
            ],
            "markers": "python_version >= '3.7'",
            "version": "==3.7.0"
        }
    },
    "develop": {}
}
